{
    "requires": true,
    "lockfileVersion": 1,
    "dependencies": {
        "laravel-echo": {
            "version": "1.5.4",
            "resolved": "https://registry.npm.taobao.org/laravel-echo/download/laravel-echo-1.5.4.tgz",
            "integrity": "sha1-RjBnEWLZhEKVW7qFBIRnZt3eznM="
        }
    }
}
